<?xml version="1.0" encoding="utf-8"?>
<Project ToolsVersion="4.0" xmlns="http://schemas.microsoft.com/developer/msbuild/2003">
  <ItemGroup>
    <Filter Include="源文件">
      <UniqueIdentifier>{4FC737F1-C7A5-4376-A066-2A32D752A2FF}</UniqueIdentifier>
      <Extensions>cpp;c;cc;cxx;def;odl;idl;hpj;bat;asm;asmx</Extensions>
    </Filter>
    <Filter Include="头文件">
      <UniqueIdentifier>{93995380-89BD-4b04-88EB-625FBE52EBFB}</UniqueIdentifier>
      <Extensions>h;hpp;hxx;hm;inl;inc;xsd</Extensions>
    </Filter>
    <Filter Include="资源文件">
      <UniqueIdentifier>{67DA6AB6-F800-4c08-8B7A-83BB121AAD01}</UniqueIdentifier>
      <Extensions>rc;ico;cur;bmp;dlg;rc2;rct;bin;rgs;gif;jpg;jpeg;jpe;resx;tiff;tif;png;wav;mfcribbon-ms</Extensions>
    </Filter>
  </ItemGroup>
  <ItemGroup>
    <None Include="ReadMe.txt" />
    <None Include="res\MeterCommServer.rc2">
      <Filter>资源文件</Filter>
    </None>
    <None Include="res\MeterCommServer.ico">
      <Filter>资源文件</Filter>
    </None>
  </ItemGroup>
  <ItemGroup>
    <ClInclude Include="MeterCommServer.h">
      <Filter>头文件</Filter>
    </ClInclude>
    <ClInclude Include="MeterCommServerDlg.h">
      <Filter>头文件</Filter>
    </ClInclude>
    <ClInclude Include="stdafx.h">
      <Filter>头文件</Filter>
    </ClInclude>
    <ClInclude Include="targetver.h">
      <Filter>头文件</Filter>
    </ClInclude>
    <ClInclude Include="Resource.h">
      <Filter>头文件</Filter>
    </ClInclude>
    <ClInclude Include="Config.h">
      <Filter>头文件</Filter>
    </ClInclude>
    <ClInclude Include="ZDLT645_2007.h">
      <Filter>头文件</Filter>
    </ClInclude>
    <ClInclude Include="ZSocket.h">
      <Filter>头文件</Filter>
    </ClInclude>
    <ClInclude Include="MainData.h">
      <Filter>头文件</Filter>
    </ClInclude>
    <ClInclude Include="ZFileSocket.h">
      <Filter>头文件</Filter>
    </ClInclude>
    <ClInclude Include="ZProtocol.h">
      <Filter>头文件</Filter>
    </ClInclude>
    <ClInclude Include="ZDLT698_45.h">
      <Filter>头文件</Filter>
    </ClInclude>
    <ClInclude Include="Markup.h">
      <Filter>头文件</Filter>
    </ClInclude>
    <ClInclude Include="ZStringSocket.h">
      <Filter>头文件</Filter>
    </ClInclude>
    <ClInclude Include="ZUtil.h">
      <Filter>头文件</Filter>
    </ClInclude>
    <ClInclude Include="ZOperatorRegedit.h">
      <Filter>头文件</Filter>
    </ClInclude>
    <ClInclude Include="ZClassLib.h">
      <Filter>头文件</Filter>
    </ClInclude>
  </ItemGroup>
  <ItemGroup>
    <ClCompile Include="MeterCommServer.cpp">
      <Filter>源文件</Filter>
    </ClCompile>
    <ClCompile Include="MeterCommServerDlg.cpp">
      <Filter>源文件</Filter>
    </ClCompile>
    <ClCompile Include="stdafx.cpp">
      <Filter>源文件</Filter>
    </ClCompile>
    <ClCompile Include="Config.cpp">
      <Filter>源文件</Filter>
    </ClCompile>
    <ClCompile Include="ZDLT645_2007.cpp">
      <Filter>源文件</Filter>
    </ClCompile>
    <ClCompile Include="ZSocket.cpp">
      <Filter>源文件</Filter>
    </ClCompile>
    <ClCompile Include="MainData.cpp">
      <Filter>源文件</Filter>
    </ClCompile>
    <ClCompile Include="ZFileSocket.cpp">
      <Filter>源文件</Filter>
    </ClCompile>
    <ClCompile Include="ZProtocol.cpp">
      <Filter>源文件</Filter>
    </ClCompile>
    <ClCompile Include="ZDLT698_45.cpp">
      <Filter>源文件</Filter>
    </ClCompile>
    <ClCompile Include="Markup.cpp">
      <Filter>源文件</Filter>
    </ClCompile>
    <ClCompile Include="ZStringSocket.cpp">
      <Filter>源文件</Filter>
    </ClCompile>
    <ClCompile Include="ZUtil.cpp">
      <Filter>源文件</Filter>
    </ClCompile>
    <ClCompile Include="ZOperatorRegedit.cpp">
      <Filter>源文件</Filter>
    </ClCompile>
  </ItemGroup>
  <ItemGroup>
    <ResourceCompile Include="MeterCommServer.rc">
      <Filter>资源文件</Filter>
    </ResourceCompile>
  </ItemGroup>
</Project>